
Microsoft Visual Studio Solution File, Format Version 12.00
# Visual Studio 15
VisualStudioVersion = 15.0.27703.2042
MinimumVisualStudioVersion = 10.0.40219.1
Project("{9A19103F-16F7-4668-BE54-9A1E7A4F7556}") = "AkhmerovHomework1", "AkhmerovHomework1\AkhmerovHomework1.csproj", "{D4CCBAC9-E0BD-42C6-B1B1-81DB8DC27C18}"
EndProject
Project("{FAE04EC0-301F-11D3-BF4B-00C04F79EFBC}") = "AkhmerovHomeWork1.Domain", "AkhmerovHomeWork1.Domain\AkhmerovHomeWork1.Domain.csproj", "{34C6E483-A0DB-4D79-B6C5-A6FF95061CCE}"
EndProject
Global
	GlobalSection(SolutionConfigurationPlatforms) = preSolution
		Debug|Any CPU = Debug|Any CPU
		Release|Any CPU = Release|Any CPU
	EndGlobalSection
	GlobalSection(ProjectConfigurationPlatforms) = postSolution
		{D4CCBAC9-E0BD-42C6-B1B1-81DB8DC27C18}.Debug|Any CPU.ActiveCfg = Debug|Any CPU
		{D4CCBAC9-E0BD-42C6-B1B1-81DB8DC27C18}.Debug|Any CPU.Build.0 = Debug|Any CPU
		{D4CCBAC9-E0BD-42C6-B1B1-81DB8DC27C18}.Release|Any CPU.ActiveCfg = Release|Any CPU
		{D4CCBAC9-E0BD-42C6-B1B1-81DB8DC27C18}.Release|Any CPU.Build.0 = Release|Any CPU
		{34C6E483-A0DB-4D79-B6C5-A6FF95061CCE}.Debug|Any CPU.ActiveCfg = Debug|Any CPU
		{34C6E483-A0DB-4D79-B6C5-A6FF95061CCE}.Debug|Any CPU.Build.0 = Debug|Any CPU
		{34C6E483-A0DB-4D79-B6C5-A6FF95061CCE}.Release|Any CPU.ActiveCfg = Release|Any CPU
		{34C6E483-A0DB-4D79-B6C5-A6FF95061CCE}.Release|Any CPU.Build.0 = Release|Any CPU
	EndGlobalSection
	GlobalSection(SolutionProperties) = preSolution
		HideSolutionNode = FALSE
	EndGlobalSection
	GlobalSection(ExtensibilityGlobals) = postSolution
		SolutionGuid = {C7C663E6-9A6D-4B1F-9029-0540A4742F7B}
	EndGlobalSection
EndGlobal
