Microsoft Visual Studio Solution File, Format Version 12.00
# Visual Studio 15
VisualStudioVersion = 15.0.26730.10
MinimumVisualStudioVersion = 10.0.40219.1
Project("{9A19103F-16F7-4668-BE54-9A1E7A4F7556}") = "WebStore", "WebStore\WebStore.csproj", "{8BBBAE5E-BBC1-44FA-9743-DE93AD9FA400}"
EndProject
Project("{9A19103F-16F7-4668-BE54-9A1E7A4F7556}") = "WebStore.DAL", "WebStore.DAL\WebStore.DAL.csproj", "{CF151527-4902-4866-A24A-4355DCA16625}"
EndProject
Project("{2150E333-8FDC-42A3-9474-1A3956D46DE8}") = "Common", "Common", "{EE5E90E7-5A71-440F-9198-0462A845B946}"
EndProject
Project("{2150E333-8FDC-42A3-9474-1A3956D46DE8}") = "Services", "Services", "{DC5F022F-BBDF-46A7-977E-C90CB05DF8AB}"
EndProject
Project("{2150E333-8FDC-42A3-9474-1A3956D46DE8}") = "Ui", "Ui", "{4A016965-D424-4D68-A2A5-17136F40110D}"
EndProject
Project("{9A19103F-16F7-4668-BE54-9A1E7A4F7556}") = "WebStore.ServicesHosting", "WebStore.ServicesHosting\WebStore.ServicesHosting.csproj", "{FA55CB5C-8182-45FD-965D-452DF32AC518}"
EndProject
Project("{9A19103F-16F7-4668-BE54-9A1E7A4F7556}") = "WebStore.Interfaces", "WebStore.Interfaces\WebStore.Interfaces.csproj", "{A932A8B9-B83B-41A7-9CB9-C2BAA413C1DB}"
EndProject
Project("{9A19103F-16F7-4668-BE54-9A1E7A4F7556}") = "WebStore.Services", "WebStore.Services\WebStore.Services.csproj", "{0F2B7E0A-81E0-4A0C-AA56-CEC8E042997F}"
EndProject
Project("{2150E333-8FDC-42A3-9474-1A3956D46DE8}") = "Clients", "Clients", "{29217277-56F4-40F3-8F69-735462F55118}"
EndProject
Project("{9A19103F-16F7-4668-BE54-9A1E7A4F7556}") = "WebStore.Clients", "WebStore.Clients\WebStore.Clients.csproj", "{23262877-4E1E-45FA-A024-AE1E205C36AB}"
EndProject
Project("{9A19103F-16F7-4668-BE54-9A1E7A4F7556}") = "WebStore.DomainNew", "WebStore.DomainNew\WebStore.DomainNew.csproj", "{29FFF4F3-0989-4583-ABA1-BD45B5EBA685}"
EndProject
Project("{9A19103F-16F7-4668-BE54-9A1E7A4F7556}") = "WebStore.Logger", "WebStore.Logger\WebStore.Logger.csproj", "{23E03755-D820-4EDB-9F3E-BE8AF080B383}"
EndProject
Project("{2150E333-8FDC-42A3-9474-1A3956D46DE8}") = "Tests", "Tests", "{3D4EE1ED-23CB-42E1-B2E7-65ECDBF34BA0}"
EndProject
Project("{FAE04EC0-301F-11D3-BF4B-00C04F79EFBC}") = "WebStore.Tests", "WebStore.Tests\WebStore.Tests.csproj", "{58658684-61CD-44A5-8840-F4D19720FAE4}"
EndProject
Global
	GlobalSection(SolutionConfigurationPlatforms) = preSolution
		Debug|Any CPU = Debug|Any CPU
		Debug|x64 = Debug|x64
		Debug|x86 = Debug|x86
		Release|Any CPU = Release|Any CPU
		Release|x64 = Release|x64
		Release|x86 = Release|x86
	EndGlobalSection
	GlobalSection(ProjectConfigurationPlatforms) = postSolution
		{8BBBAE5E-BBC1-44FA-9743-DE93AD9FA400}.Debug|Any CPU.ActiveCfg = Debug|Any CPU
		{8BBBAE5E-BBC1-44FA-9743-DE93AD9FA400}.Debug|Any CPU.Build.0 = Debug|Any CPU
		{8BBBAE5E-BBC1-44FA-9743-DE93AD9FA400}.Debug|x64.ActiveCfg = Debug|Any CPU
		{8BBBAE5E-BBC1-44FA-9743-DE93AD9FA400}.Debug|x64.Build.0 = Debug|Any CPU
		{8BBBAE5E-BBC1-44FA-9743-DE93AD9FA400}.Debug|x86.ActiveCfg = Debug|Any CPU
		{8BBBAE5E-BBC1-44FA-9743-DE93AD9FA400}.Debug|x86.Build.0 = Debug|Any CPU
		{8BBBAE5E-BBC1-44FA-9743-DE93AD9FA400}.Release|Any CPU.ActiveCfg = Release|Any CPU
		{8BBBAE5E-BBC1-44FA-9743-DE93AD9FA400}.Release|Any CPU.Build.0 = Release|Any CPU
		{8BBBAE5E-BBC1-44FA-9743-DE93AD9FA400}.Release|x64.ActiveCfg = Release|Any CPU
		{8BBBAE5E-BBC1-44FA-9743-DE93AD9FA400}.Release|x64.Build.0 = Release|Any CPU
		{8BBBAE5E-BBC1-44FA-9743-DE93AD9FA400}.Release|x86.ActiveCfg = Release|Any CPU
		{8BBBAE5E-BBC1-44FA-9743-DE93AD9FA400}.Release|x86.Build.0 = Release|Any CPU
		{CF151527-4902-4866-A24A-4355DCA16625}.Debug|Any CPU.ActiveCfg = Debug|Any CPU
		{CF151527-4902-4866-A24A-4355DCA16625}.Debug|Any CPU.Build.0 = Debug|Any CPU
		{CF151527-4902-4866-A24A-4355DCA16625}.Debug|x64.ActiveCfg = Debug|Any CPU
		{CF151527-4902-4866-A24A-4355DCA16625}.Debug|x64.Build.0 = Debug|Any CPU
		{CF151527-4902-4866-A24A-4355DCA16625}.Debug|x86.ActiveCfg = Debug|Any CPU
		{CF151527-4902-4866-A24A-4355DCA16625}.Debug|x86.Build.0 = Debug|Any CPU
		{CF151527-4902-4866-A24A-4355DCA16625}.Release|Any CPU.ActiveCfg = Release|Any CPU
		{CF151527-4902-4866-A24A-4355DCA16625}.Release|Any CPU.Build.0 = Release|Any CPU
		{CF151527-4902-4866-A24A-4355DCA16625}.Release|x64.ActiveCfg = Release|Any CPU
		{CF151527-4902-4866-A24A-4355DCA16625}.Release|x64.Build.0 = Release|Any CPU
		{CF151527-4902-4866-A24A-4355DCA16625}.Release|x86.ActiveCfg = Release|Any CPU
		{CF151527-4902-4866-A24A-4355DCA16625}.Release|x86.Build.0 = Release|Any CPU
		{FA55CB5C-8182-45FD-965D-452DF32AC518}.Debug|Any CPU.ActiveCfg = Debug|Any CPU
		{FA55CB5C-8182-45FD-965D-452DF32AC518}.Debug|Any CPU.Build.0 = Debug|Any CPU
		{FA55CB5C-8182-45FD-965D-452DF32AC518}.Debug|x64.ActiveCfg = Debug|Any CPU
		{FA55CB5C-8182-45FD-965D-452DF32AC518}.Debug|x64.Build.0 = Debug|Any CPU
		{FA55CB5C-8182-45FD-965D-452DF32AC518}.Debug|x86.ActiveCfg = Debug|Any CPU
		{FA55CB5C-8182-45FD-965D-452DF32AC518}.Debug|x86.Build.0 = Debug|Any CPU
		{FA55CB5C-8182-45FD-965D-452DF32AC518}.Release|Any CPU.ActiveCfg = Release|Any CPU
		{FA55CB5C-8182-45FD-965D-452DF32AC518}.Release|Any CPU.Build.0 = Release|Any CPU
		{FA55CB5C-8182-45FD-965D-452DF32AC518}.Release|x64.ActiveCfg = Release|Any CPU
		{FA55CB5C-8182-45FD-965D-452DF32AC518}.Release|x64.Build.0 = Release|Any CPU
		{FA55CB5C-8182-45FD-965D-452DF32AC518}.Release|x86.ActiveCfg = Release|Any CPU
		{FA55CB5C-8182-45FD-965D-452DF32AC518}.Release|x86.Build.0 = Release|Any CPU
		{A932A8B9-B83B-41A7-9CB9-C2BAA413C1DB}.Debug|Any CPU.ActiveCfg = Debug|Any CPU
		{A932A8B9-B83B-41A7-9CB9-C2BAA413C1DB}.Debug|Any CPU.Build.0 = Debug|Any CPU
		{A932A8B9-B83B-41A7-9CB9-C2BAA413C1DB}.Debug|x64.ActiveCfg = Debug|Any CPU
		{A932A8B9-B83B-41A7-9CB9-C2BAA413C1DB}.Debug|x64.Build.0 = Debug|Any CPU
		{A932A8B9-B83B-41A7-9CB9-C2BAA413C1DB}.Debug|x86.ActiveCfg = Debug|Any CPU
		{A932A8B9-B83B-41A7-9CB9-C2BAA413C1DB}.Debug|x86.Build.0 = Debug|Any CPU
		{A932A8B9-B83B-41A7-9CB9-C2BAA413C1DB}.Release|Any CPU.ActiveCfg = Release|Any CPU
		{A932A8B9-B83B-41A7-9CB9-C2BAA413C1DB}.Release|Any CPU.Build.0 = Release|Any CPU
		{A932A8B9-B83B-41A7-9CB9-C2BAA413C1DB}.Release|x64.ActiveCfg = Release|Any CPU
		{A932A8B9-B83B-41A7-9CB9-C2BAA413C1DB}.Release|x64.Build.0 = Release|Any CPU
		{A932A8B9-B83B-41A7-9CB9-C2BAA413C1DB}.Release|x86.ActiveCfg = Release|Any CPU
		{A932A8B9-B83B-41A7-9CB9-C2BAA413C1DB}.Release|x86.Build.0 = Release|Any CPU
		{0F2B7E0A-81E0-4A0C-AA56-CEC8E042997F}.Debug|Any CPU.ActiveCfg = Debug|Any CPU
		{0F2B7E0A-81E0-4A0C-AA56-CEC8E042997F}.Debug|Any CPU.Build.0 = Debug|Any CPU
		{0F2B7E0A-81E0-4A0C-AA56-CEC8E042997F}.Debug|x64.ActiveCfg = Debug|Any CPU
		{0F2B7E0A-81E0-4A0C-AA56-CEC8E042997F}.Debug|x64.Build.0 = Debug|Any CPU
		{0F2B7E0A-81E0-4A0C-AA56-CEC8E042997F}.Debug|x86.ActiveCfg = Debug|Any CPU
		{0F2B7E0A-81E0-4A0C-AA56-CEC8E042997F}.Debug|x86.Build.0 = Debug|Any CPU
		{0F2B7E0A-81E0-4A0C-AA56-CEC8E042997F}.Release|Any CPU.ActiveCfg = Release|Any CPU
		{0F2B7E0A-81E0-4A0C-AA56-CEC8E042997F}.Release|Any CPU.Build.0 = Release|Any CPU
		{0F2B7E0A-81E0-4A0C-AA56-CEC8E042997F}.Release|x64.ActiveCfg = Release|Any CPU
		{0F2B7E0A-81E0-4A0C-AA56-CEC8E042997F}.Release|x64.Build.0 = Release|Any CPU
		{0F2B7E0A-81E0-4A0C-AA56-CEC8E042997F}.Release|x86.ActiveCfg = Release|Any CPU
		{0F2B7E0A-81E0-4A0C-AA56-CEC8E042997F}.Release|x86.Build.0 = Release|Any CPU
		{23262877-4E1E-45FA-A024-AE1E205C36AB}.Debug|Any CPU.ActiveCfg = Debug|Any CPU
		{23262877-4E1E-45FA-A024-AE1E205C36AB}.Debug|Any CPU.Build.0 = Debug|Any CPU
		{23262877-4E1E-45FA-A024-AE1E205C36AB}.Debug|x64.ActiveCfg = Debug|Any CPU
		{23262877-4E1E-45FA-A024-AE1E205C36AB}.Debug|x64.Build.0 = Debug|Any CPU
		{23262877-4E1E-45FA-A024-AE1E205C36AB}.Debug|x86.ActiveCfg = Debug|Any CPU
		{23262877-4E1E-45FA-A024-AE1E205C36AB}.Debug|x86.Build.0 = Debug|Any CPU
		{23262877-4E1E-45FA-A024-AE1E205C36AB}.Release|Any CPU.ActiveCfg = Release|Any CPU
		{23262877-4E1E-45FA-A024-AE1E205C36AB}.Release|Any CPU.Build.0 = Release|Any CPU
		{23262877-4E1E-45FA-A024-AE1E205C36AB}.Release|x64.ActiveCfg = Release|Any CPU
		{23262877-4E1E-45FA-A024-AE1E205C36AB}.Release|x64.Build.0 = Release|Any CPU
		{23262877-4E1E-45FA-A024-AE1E205C36AB}.Release|x86.ActiveCfg = Release|Any CPU
		{23262877-4E1E-45FA-A024-AE1E205C36AB}.Release|x86.Build.0 = Release|Any CPU
		{29FFF4F3-0989-4583-ABA1-BD45B5EBA685}.Debug|Any CPU.ActiveCfg = Debug|Any CPU
		{29FFF4F3-0989-4583-ABA1-BD45B5EBA685}.Debug|Any CPU.Build.0 = Debug|Any CPU
		{29FFF4F3-0989-4583-ABA1-BD45B5EBA685}.Debug|x64.ActiveCfg = Debug|Any CPU
		{29FFF4F3-0989-4583-ABA1-BD45B5EBA685}.Debug|x64.Build.0 = Debug|Any CPU
		{29FFF4F3-0989-4583-ABA1-BD45B5EBA685}.Debug|x86.ActiveCfg = Debug|Any CPU
		{29FFF4F3-0989-4583-ABA1-BD45B5EBA685}.Debug|x86.Build.0 = Debug|Any CPU
		{29FFF4F3-0989-4583-ABA1-BD45B5EBA685}.Release|Any CPU.ActiveCfg = Release|Any CPU
		{29FFF4F3-0989-4583-ABA1-BD45B5EBA685}.Release|Any CPU.Build.0 = Release|Any CPU
		{29FFF4F3-0989-4583-ABA1-BD45B5EBA685}.Release|x64.ActiveCfg = Release|Any CPU
		{29FFF4F3-0989-4583-ABA1-BD45B5EBA685}.Release|x64.Build.0 = Release|Any CPU
		{29FFF4F3-0989-4583-ABA1-BD45B5EBA685}.Release|x86.ActiveCfg = Release|Any CPU
		{29FFF4F3-0989-4583-ABA1-BD45B5EBA685}.Release|x86.Build.0 = Release|Any CPU
		{23E03755-D820-4EDB-9F3E-BE8AF080B383}.Debug|Any CPU.ActiveCfg = Debug|Any CPU
		{23E03755-D820-4EDB-9F3E-BE8AF080B383}.Debug|Any CPU.Build.0 = Debug|Any CPU
		{23E03755-D820-4EDB-9F3E-BE8AF080B383}.Debug|x64.ActiveCfg = Debug|Any CPU
		{23E03755-D820-4EDB-9F3E-BE8AF080B383}.Debug|x64.Build.0 = Debug|Any CPU
		{23E03755-D820-4EDB-9F3E-BE8AF080B383}.Debug|x86.ActiveCfg = Debug|Any CPU
		{23E03755-D820-4EDB-9F3E-BE8AF080B383}.Debug|x86.Build.0 = Debug|Any CPU
		{23E03755-D820-4EDB-9F3E-BE8AF080B383}.Release|Any CPU.ActiveCfg = Release|Any CPU
		{23E03755-D820-4EDB-9F3E-BE8AF080B383}.Release|Any CPU.Build.0 = Release|Any CPU
		{23E03755-D820-4EDB-9F3E-BE8AF080B383}.Release|x64.ActiveCfg = Release|Any CPU
		{23E03755-D820-4EDB-9F3E-BE8AF080B383}.Release|x64.Build.0 = Release|Any CPU
		{23E03755-D820-4EDB-9F3E-BE8AF080B383}.Release|x86.ActiveCfg = Release|Any CPU
		{23E03755-D820-4EDB-9F3E-BE8AF080B383}.Release|x86.Build.0 = Release|Any CPU
		{58658684-61CD-44A5-8840-F4D19720FAE4}.Debug|Any CPU.ActiveCfg = Debug|Any CPU
		{58658684-61CD-44A5-8840-F4D19720FAE4}.Debug|Any CPU.Build.0 = Debug|Any CPU
		{58658684-61CD-44A5-8840-F4D19720FAE4}.Debug|x64.ActiveCfg = Debug|Any CPU
		{58658684-61CD-44A5-8840-F4D19720FAE4}.Debug|x64.Build.0 = Debug|Any CPU
		{58658684-61CD-44A5-8840-F4D19720FAE4}.Debug|x86.ActiveCfg = Debug|Any CPU
		{58658684-61CD-44A5-8840-F4D19720FAE4}.Debug|x86.Build.0 = Debug|Any CPU
		{58658684-61CD-44A5-8840-F4D19720FAE4}.Release|Any CPU.ActiveCfg = Release|Any CPU
		{58658684-61CD-44A5-8840-F4D19720FAE4}.Release|Any CPU.Build.0 = Release|Any CPU
		{58658684-61CD-44A5-8840-F4D19720FAE4}.Release|x64.ActiveCfg = Release|Any CPU
		{58658684-61CD-44A5-8840-F4D19720FAE4}.Release|x64.Build.0 = Release|Any CPU
		{58658684-61CD-44A5-8840-F4D19720FAE4}.Release|x86.ActiveCfg = Release|Any CPU
		{58658684-61CD-44A5-8840-F4D19720FAE4}.Release|x86.Build.0 = Release|Any CPU
	EndGlobalSection
	GlobalSection(SolutionProperties) = preSolution
		HideSolutionNode = FALSE
	EndGlobalSection
	GlobalSection(NestedProjects) = preSolution
		{8BBBAE5E-BBC1-44FA-9743-DE93AD9FA400} = {4A016965-D424-4D68-A2A5-17136F40110D}
		{CF151527-4902-4866-A24A-4355DCA16625} = {DC5F022F-BBDF-46A7-977E-C90CB05DF8AB}
		{FA55CB5C-8182-45FD-965D-452DF32AC518} = {DC5F022F-BBDF-46A7-977E-C90CB05DF8AB}
		{A932A8B9-B83B-41A7-9CB9-C2BAA413C1DB} = {EE5E90E7-5A71-440F-9198-0462A845B946}
		{0F2B7E0A-81E0-4A0C-AA56-CEC8E042997F} = {DC5F022F-BBDF-46A7-977E-C90CB05DF8AB}
		{23262877-4E1E-45FA-A024-AE1E205C36AB} = {29217277-56F4-40F3-8F69-735462F55118}
		{29FFF4F3-0989-4583-ABA1-BD45B5EBA685} = {EE5E90E7-5A71-440F-9198-0462A845B946}
		{23E03755-D820-4EDB-9F3E-BE8AF080B383} = {EE5E90E7-5A71-440F-9198-0462A845B946}
		{58658684-61CD-44A5-8840-F4D19720FAE4} = {3D4EE1ED-23CB-42E1-B2E7-65ECDBF34BA0}
	EndGlobalSection
	GlobalSection(ExtensibilityGlobals) = postSolution
		SolutionGuid = {30B2AB15-50DB-4EE3-88A9-114E96967802}
	EndGlobalSection
EndGlobal
